{
  "object": {
    "pins": [
      {
        "package": "Rethink",
        "repositoryURL": "https://github.com/OperatorFoundation/rethink-swift.git",
        "state": {
          "branch": "master",
          "revision": "f8a2e7c7aa424066b8cc8b4aedd73edf180ef3d8",
          "version": null
        }
      }
    ]
  },
  "version": 1
}
