// !$*UTF8*$!
{
	archiveVersion = 1;
	classes = {
	};
	objectVersion = 52;
	objects = {

/* Begin PBXBuildFile section */
		4E6AC1FC2495A324005C74E1 /* ItemList.swift in Sources */ = {isa = PBXBuildFile; fileRef = 4E6AC1FB2495A324005C74E1 /* ItemList.swift */; };
		4E7945772495382A00E1D8A3 /* SimpleListEntry.swift in Sources */ = {isa = PBXBuildFile; fileRef = 4E7945762495382A00E1D8A3 /* SimpleListEntry.swift */; };
		4E79457924953A4700E1D8A3 /* RethinkConnection.swift in Sources */ = {isa = PBXBuildFile; fileRef = 4E79457824953A4700E1D8A3 /* RethinkConnection.swift */; };
		4E7945A124954ED900E1D8A3 /* Rethink in Frameworks */ = {isa = PBXBuildFile; productRef = 4E7945A024954ED900E1D8A3 /* Rethink */; };
		4EF1D3F7249117860054FC7A /* AppDelegate.swift in Sources */ = {isa = PBXBuildFile; fileRef = 4EF1D3F6249117860054FC7A /* AppDelegate.swift */; };
		4EF1D3F9249117860054FC7A /* SceneDelegate.swift in Sources */ = {isa = PBXBuildFile; fileRef = 4EF1D3F8249117860054FC7A /* SceneDelegate.swift */; };
		4EF1D3FB249117860054FC7A /* ContentView.swift in Sources */ = {isa = PBXBuildFile; fileRef = 4EF1D3FA249117860054FC7A /* ContentView.swift */; };
		4EF1D3FD249117880054FC7A /* Assets.xcassets in Resources */ = {isa = PBXBuildFile; fileRef = 4EF1D3FC249117880054FC7A /* Assets.xcassets */; };
		4EF1D400249117880054FC7A /* Preview Assets.xcassets in Resources */ = {isa = PBXBuildFile; fileRef = 4EF1D3FF249117880054FC7A /* Preview Assets.xcassets */; };
		4EF1D403249117880054FC7A /* LaunchScreen.storyboard in Resources */ = {isa = PBXBuildFile; fileRef = 4EF1D401249117880054FC7A /* LaunchScreen.storyboard */; };
/* End PBXBuildFile section */

/* Begin PBXFileReference section */
		4E6AC1FB2495A324005C74E1 /* ItemList.swift */ = {isa = PBXFileReference; lastKnownFileType = sourcecode.swift; path = ItemList.swift; sourceTree = "<group>"; };
		4E7945762495382A00E1D8A3 /* SimpleListEntry.swift */ = {isa = PBXFileReference; lastKnownFileType = sourcecode.swift; path = SimpleListEntry.swift; sourceTree = "<group>"; };
		4E79457824953A4700E1D8A3 /* RethinkConnection.swift */ = {isa = PBXFileReference; lastKnownFileType = sourcecode.swift; path = RethinkConnection.swift; sourceTree = "<group>"; };
		4EF1D3F3249117860054FC7A /* aetherdb.app */ = {isa = PBXFileReference; explicitFileType = wrapper.application; includeInIndex = 0; path = aetherdb.app; sourceTree = BUILT_PRODUCTS_DIR; };
		4EF1D3F6249117860054FC7A /* AppDelegate.swift */ = {isa = PBXFileReference; lastKnownFileType = sourcecode.swift; path = AppDelegate.swift; sourceTree = "<group>"; };
		4EF1D3F8249117860054FC7A /* SceneDelegate.swift */ = {isa = PBXFileReference; lastKnownFileType = sourcecode.swift; path = SceneDelegate.swift; sourceTree = "<group>"; };
		4EF1D3FA249117860054FC7A /* ContentView.swift */ = {isa = PBXFileReference; lastKnownFileType = sourcecode.swift; path = ContentView.swift; sourceTree = "<group>"; };
		4EF1D3FC249117880054FC7A /* Assets.xcassets */ = {isa = PBXFileReference; lastKnownFileType = folder.assetcatalog; path = Assets.xcassets; sourceTree = "<group>"; };
		4EF1D3FF249117880054FC7A /* Preview Assets.xcassets */ = {isa = PBXFileReference; lastKnownFileType = folder.assetcatalog; path = "Preview Assets.xcassets"; sourceTree = "<group>"; };
		4EF1D402249117880054FC7A /* Base */ = {isa = PBXFileReference; lastKnownFileType = file.storyboard; name = Base; path = Base.lproj/LaunchScreen.storyboard; sourceTree = "<group>"; };
		4EF1D404249117880054FC7A /* Info.plist */ = {isa = PBXFileReference; lastKnownFileType = text.plist.xml; path = Info.plist; sourceTree = "<group>"; };
/* End PBXFileReference section */

/* Begin PBXFrameworksBuildPhase section */
		4EF1D3F0249117860054FC7A /* Frameworks */ = {
			isa = PBXFrameworksBuildPhase;
			buildActionMask = 2147483647;
			files = (
				4E7945A124954ED900E1D8A3 /* Rethink in Frameworks */,
			);
			runOnlyForDeploymentPostprocessing = 0;
		};
/* End PBXFrameworksBuildPhase section */

/* Begin PBXGroup section */
		4E79459224953B3B00E1D8A3 /* Frameworks */ = {
			isa = PBXGroup;
			children = (
			);
			name = Frameworks;
			sourceTree = "<group>";
		};
		4EF1D3EA249117860054FC7A = {
			isa = PBXGroup;
			children = (
				4EF1D3F5249117860054FC7A /* aetherdb */,
				4EF1D3F4249117860054FC7A /* Products */,
				4E79459224953B3B00E1D8A3 /* Frameworks */,
			);
			sourceTree = "<group>";
		};
		4EF1D3F4249117860054FC7A /* Products */ = {
			isa = PBXGroup;
			children = (
				4EF1D3F3249117860054FC7A /* aetherdb.app */,
			);
			name = Products;
			sourceTree = "<group>";
		};
		4EF1D3F5249117860054FC7A /* aetherdb */ = {
			isa = PBXGroup;
			children = (
				4EF1D3F6249117860054FC7A /* AppDelegate.swift */,
				4EF1D3F8249117860054FC7A /* SceneDelegate.swift */,
				4EF1D3FA249117860054FC7A /* ContentView.swift */,
				4E6AC1FB2495A324005C74E1 /* ItemList.swift */,
				4EF1D3FC249117880054FC7A /* Assets.xcassets */,
				4EF1D401249117880054FC7A /* LaunchScreen.storyboard */,
				4EF1D404249117880054FC7A /* Info.plist */,
				4EF1D3FE249117880054FC7A /* Preview Content */,
				4E7945762495382A00E1D8A3 /* SimpleListEntry.swift */,
				4E79457824953A4700E1D8A3 /* RethinkConnection.swift */,
			);
			path = aetherdb;
			sourceTree = "<group>";
		};
		4EF1D3FE249117880054FC7A /* Preview Content */ = {
			isa = PBXGroup;
			children = (
				4EF1D3FF249117880054FC7A /* Preview Assets.xcassets */,
			);
			path = "Preview Content";
			sourceTree = "<group>";
		};
/* End PBXGroup section */

/* Begin PBXNativeTarget section */
		4EF1D3F2249117860054FC7A /* aetherdb */ = {
			isa = PBXNativeTarget;
			buildConfigurationList = 4EF1D407249117880054FC7A /* Build configuration list for PBXNativeTarget "aetherdb" */;
			buildPhases = (
				4EF1D3EF249117860054FC7A /* Sources */,
				4EF1D3F0249117860054FC7A /* Frameworks */,
				4EF1D3F1249117860054FC7A /* Resources */,
			);
			buildRules = (
			);
			dependencies = (
			);
			name = aetherdb;
			packageProductDependencies = (
				4E7945A024954ED900E1D8A3 /* Rethink */,
			);
			productName = aetherdb;
			productReference = 4EF1D3F3249117860054FC7A /* aetherdb.app */;
			productType = "com.apple.product-type.application";
		};
/* End PBXNativeTarget section */

/* Begin PBXProject section */
		4EF1D3EB249117860054FC7A /* Project object */ = {
			isa = PBXProject;
			attributes = {
				LastSwiftUpdateCheck = 1150;
				LastUpgradeCheck = 1150;
				ORGANIZATIONNAME = GameCult;
				TargetAttributes = {
					4EF1D3F2249117860054FC7A = {
						CreatedOnToolsVersion = 11.5;
					};
				};
			};
			buildConfigurationList = 4EF1D3EE249117860054FC7A /* Build configuration list for PBXProject "aetherdb" */;
			compatibilityVersion = "Xcode 9.3";
			developmentRegion = en;
			hasScannedForEncodings = 0;
			knownRegions = (
				en,
				Base,
			);
			mainGroup = 4EF1D3EA249117860054FC7A;
			packageReferences = (
				4E79459F24954ED900E1D8A3 /* XCRemoteSwiftPackageReference "rethink-swift" */,
			);
			productRefGroup = 4EF1D3F4249117860054FC7A /* Products */;
			projectDirPath = "";
			projectRoot = "";
			targets = (
				4EF1D3F2249117860054FC7A /* aetherdb */,
			);
		};
/* End PBXProject section */

/* Begin PBXResourcesBuildPhase section */
		4EF1D3F1249117860054FC7A /* Resources */ = {
			isa = PBXResourcesBuildPhase;
			buildActionMask = 2147483647;
			files = (
				4EF1D403249117880054FC7A /* LaunchScreen.storyboard in Resources */,
				4EF1D400249117880054FC7A /* Preview Assets.xcassets in Resources */,
				4EF1D3FD249117880054FC7A /* Assets.xcassets in Resources */,
			);
			runOnlyForDeploymentPostprocessing = 0;
		};
/* End PBXResourcesBuildPhase section */

/* Begin PBXSourcesBuildPhase section */
		4EF1D3EF249117860054FC7A /* Sources */ = {
			isa = PBXSourcesBuildPhase;
			buildActionMask = 2147483647;
			files = (
				4EF1D3F7249117860054FC7A /* AppDelegate.swift in Sources */,
				4EF1D3F9249117860054FC7A /* SceneDelegate.swift in Sources */,
				4E7945772495382A00E1D8A3 /* SimpleListEntry.swift in Sources */,
				4E79457924953A4700E1D8A3 /* RethinkConnection.swift in Sources */,
				4E6AC1FC2495A324005C74E1 /* ItemList.swift in Sources */,
				4EF1D3FB249117860054FC7A /* ContentView.swift in Sources */,
			);
			runOnlyForDeploymentPostprocessing = 0;
		};
/* End PBXSourcesBuildPhase section */

/* Begin PBXVariantGroup section */
		4EF1D401249117880054FC7A /* LaunchScreen.storyboard */ = {
			isa = PBXVariantGroup;
			children = (
				4EF1D402249117880054FC7A /* Base */,
			);
			name = LaunchScreen.storyboard;
			sourceTree = "<group>";
		};
/* End PBXVariantGroup section */

/* Begin XCBuildConfiguration section */
		4EF1D405249117880054FC7A /* Debug */ = {
			isa = XCBuildConfiguration;
			buildSettings = {
				ALWAYS_SEARCH_USER_PATHS = NO;
				CLANG_ANALYZER_NONNULL = YES;
				CLANG_ANALYZER_NUMBER_OBJECT_CONVERSION = YES_AGGRESSIVE;
				CLANG_CXX_LANGUAGE_STANDARD = "gnu++14";
				CLANG_CXX_LIBRARY = "libc++";
				CLANG_ENABLE_MODULES = YES;
				CLANG_ENABLE_OBJC_ARC = YES;
				CLANG_ENABLE_OBJC_WEAK = YES;
				CLANG_WARN_BLOCK_CAPTURE_AUTORELEASING = YES;
				CLANG_WARN_BOOL_CONVERSION = YES;
				CLANG_WARN_COMMA = YES;
				CLANG_WARN_CONSTANT_CONVERSION = YES;
				CLANG_WARN_DEPRECATED_OBJC_IMPLEMENTATIONS = YES;
				CLANG_WARN_DIRECT_OBJC_ISA_USAGE = YES_ERROR;
				CLANG_WARN_DOCUMENTATION_COMMENTS = YES;
				CLANG_WARN_EMPTY_BODY = YES;
				CLANG_WARN_ENUM_CONVERSION = YES;
				CLANG_WARN_INFINITE_RECURSION = YES;
				CLANG_WARN_INT_CONVERSION = YES;
				CLANG_WARN_NON_LITERAL_NULL_CONVERSION = YES;
				CLANG_WARN_OBJC_IMPLICIT_RETAIN_SELF = YES;
				CLANG_WARN_OBJC_LITERAL_CONVERSION = YES;
				CLANG_WARN_OBJC_ROOT_CLASS = YES_ERROR;
				CLANG_WARN_RANGE_LOOP_ANALYSIS = YES;
				CLANG_WARN_STRICT_PROTOTYPES = YES;
				CLANG_WARN_SUSPICIOUS_MOVE = YES;
				CLANG_WARN_UNGUARDED_AVAILABILITY = YES_AGGRESSIVE;
				CLANG_WARN_UNREACHABLE_CODE = YES;
				CLANG_WARN__DUPLICATE_METHOD_MATCH = YES;
				COPY_PHASE_STRIP = NO;
				DEBUG_INFORMATION_FORMAT = dwarf;
				ENABLE_STRICT_OBJC_MSGSEND = YES;
				ENABLE_TESTABILITY = YES;
				GCC_C_LANGUAGE_STANDARD = gnu11;
				GCC_DYNAMIC_NO_PIC = NO;
				GCC_NO_COMMON_BLOCKS = YES;
				GCC_OPTIMIZATION_LEVEL = 0;
				GCC_PREPROCESSOR_DEFINITIONS = (
					"DEBUG=1",
					"$(inherited)",
				);
				GCC_WARN_64_TO_32_BIT_CONVERSION = YES;
				GCC_WARN_ABOUT_RETURN_TYPE = YES_ERROR;
				GCC_WARN_UNDECLARED_SELECTOR = YES;
				GCC_WARN_UNINITIALIZED_AUTOS = YES_AGGRESSIVE;
				GCC_WARN_UNUSED_FUNCTION = YES;
				GCC_WARN_UNUSED_VARIABLE = YES;
				IPHONEOS_DEPLOYMENT_TARGET = 13.5;
				MTL_ENABLE_DEBUG_INFO = INCLUDE_SOURCE;
				MTL_FAST_MATH = YES;
				ONLY_ACTIVE_ARCH = YES;
				SDKROOT = iphoneos;
				SWIFT_ACTIVE_COMPILATION_CONDITIONS = DEBUG;
				SWIFT_OPTIMIZATION_LEVEL = "-Onone";
			};
			name = Debug;
		};
		4EF1D406249117880054FC7A /* Release */ = {
			isa = XCBuildConfiguration;
			buildSettings = {
				ALWAYS_SEARCH_USER_PATHS = NO;
				CLANG_ANALYZER_NONNULL = YES;
				CLANG_ANALYZER_NUMBER_OBJECT_CONVERSION = YES_AGGRESSIVE;
				CLANG_CXX_LANGUAGE_STANDARD = "gnu++14";
				CLANG_CXX_LIBRARY = "libc++";
				CLANG_ENABLE_MODULES = YES;
				CLANG_ENABLE_OBJC_ARC = YES;
				CLANG_ENABLE_OBJC_WEAK = YES;
				CLANG_WARN_BLOCK_CAPTURE_AUTORELEASING = YES;
				CLANG_WARN_BOOL_CONVERSION = YES;
				CLANG_WARN_COMMA = YES;
				CLANG_WARN_CONSTANT_CONVERSION = YES;
				CLANG_WARN_DEPRECATED_OBJC_IMPLEMENTATIONS = YES;
				CLANG_WARN_DIRECT_OBJC_ISA_USAGE = YES_ERROR;
				CLANG_WARN_DOCUMENTATION_COMMENTS = YES;
				CLANG_WARN_EMPTY_BODY = YES;
				CLANG_WARN_ENUM_CONVERSION = YES;
				CLANG_WARN_INFINITE_RECURSION = YES;
				CLANG_WARN_INT_CONVERSION = YES;
				CLANG_WARN_NON_LITERAL_NULL_CONVERSION = YES;
				CLANG_WARN_OBJC_IMPLICIT_RETAIN_SELF = YES;
				CLANG_WARN_OBJC_LITERAL_CONVERSION = YES;
				CLANG_WARN_OBJC_ROOT_CLASS = YES_ERROR;
				CLANG_WARN_RANGE_LOOP_ANALYSIS = YES;
				CLANG_WARN_STRICT_PROTOTYPES = YES;
				CLANG_WARN_SUSPICIOUS_MOVE = YES;
				CLANG_WARN_UNGUARDED_AVAILABILITY = YES_AGGRESSIVE;
				CLANG_WARN_UNREACHABLE_CODE = YES;
				CLANG_WARN__DUPLICATE_METHOD_MATCH = YES;
				COPY_PHASE_STRIP = NO;
				DEBUG_INFORMATION_FORMAT = "dwarf-with-dsym";
				ENABLE_NS_ASSERTIONS = NO;
				ENABLE_STRICT_OBJC_MSGSEND = YES;
				GCC_C_LANGUAGE_STANDARD = gnu11;
				GCC_NO_COMMON_BLOCKS = YES;
				GCC_WARN_64_TO_32_BIT_CONVERSION = YES;
				GCC_WARN_ABOUT_RETURN_TYPE = YES_ERROR;
				GCC_WARN_UNDECLARED_SELECTOR = YES;
				GCC_WARN_UNINITIALIZED_AUTOS = YES_AGGRESSIVE;
				GCC_WARN_UNUSED_FUNCTION = YES;
				GCC_WARN_UNUSED_VARIABLE = YES;
				IPHONEOS_DEPLOYMENT_TARGET = 13.5;
				MTL_ENABLE_DEBUG_INFO = NO;
				MTL_FAST_MATH = YES;
				SDKROOT = iphoneos;
				SWIFT_COMPILATION_MODE = wholemodule;
				SWIFT_OPTIMIZATION_LEVEL = "-O";
				VALIDATE_PRODUCT = YES;
			};
			name = Release;
		};
		4EF1D408249117880054FC7A /* Debug */ = {
			isa = XCBuildConfiguration;
			buildSettings = {
				ASSETCATALOG_COMPILER_APPICON_NAME = AppIcon;
				CODE_SIGN_STYLE = Automatic;
				DEVELOPMENT_ASSET_PATHS = "\"aetherdb/Preview Content\"";
				ENABLE_PREVIEWS = YES;
				INFOPLIST_FILE = aetherdb/Info.plist;
				LD_RUNPATH_SEARCH_PATHS = (
					"$(inherited)",
					"@executable_path/Frameworks",
				);
				PRODUCT_BUNDLE_IDENTIFIER = gamecult.aetherdb;
				PRODUCT_NAME = "$(TARGET_NAME)";
				SWIFT_VERSION = 5.0;
				TARGETED_DEVICE_FAMILY = "1,2";
			};
			name = Debug;
		};
		4EF1D409249117880054FC7A /* Release */ = {
			isa = XCBuildConfiguration;
			buildSettings = {
				ASSETCATALOG_COMPILER_APPICON_NAME = AppIcon;
				CODE_SIGN_STYLE = Automatic;
				DEVELOPMENT_ASSET_PATHS = "\"aetherdb/Preview Content\"";
				ENABLE_PREVIEWS = YES;
				INFOPLIST_FILE = aetherdb/Info.plist;
				LD_RUNPATH_SEARCH_PATHS = (
					"$(inherited)",
					"@executable_path/Frameworks",
				);
				PRODUCT_BUNDLE_IDENTIFIER = gamecult.aetherdb;
				PRODUCT_NAME = "$(TARGET_NAME)";
				SWIFT_VERSION = 5.0;
				TARGETED_DEVICE_FAMILY = "1,2";
			};
			name = Release;
		};
/* End XCBuildConfiguration section */

/* Begin XCConfigurationList section */
		4EF1D3EE249117860054FC7A /* Build configuration list for PBXProject "aetherdb" */ = {
			isa = XCConfigurationList;
			buildConfigurations = (
				4EF1D405249117880054FC7A /* Debug */,
				4EF1D406249117880054FC7A /* Release */,
			);
			defaultConfigurationIsVisible = 0;
			defaultConfigurationName = Release;
		};
		4EF1D407249117880054FC7A /* Build configuration list for PBXNativeTarget "aetherdb" */ = {
			isa = XCConfigurationList;
			buildConfigurations = (
				4EF1D408249117880054FC7A /* Debug */,
				4EF1D409249117880054FC7A /* Release */,
			);
			defaultConfigurationIsVisible = 0;
			defaultConfigurationName = Release;
		};
/* End XCConfigurationList section */

/* Begin XCRemoteSwiftPackageReference section */
		4E79459F24954ED900E1D8A3 /* XCRemoteSwiftPackageReference "rethink-swift" */ = {
			isa = XCRemoteSwiftPackageReference;
			repositoryURL = "https://github.com/OperatorFoundation/rethink-swift.git";
			requirement = {
				branch = master;
				kind = branch;
			};
		};
/* End XCRemoteSwiftPackageReference section */

/* Begin XCSwiftPackageProductDependency section */
		4E7945A024954ED900E1D8A3 /* Rethink */ = {
			isa = XCSwiftPackageProductDependency;
			package = 4E79459F24954ED900E1D8A3 /* XCRemoteSwiftPackageReference "rethink-swift" */;
			productName = Rethink;
		};
/* End XCSwiftPackageProductDependency section */
	};
	rootObject = 4EF1D3EB249117860054FC7A /* Project object */;
}
